
Microsoft Visual Studio Solution File, Format Version 12.00
# Visual Studio Version 16
VisualStudioVersion = 16.0.29806.167
MinimumVisualStudioVersion = 10.0.40219.1
Project("{FAE04EC0-301F-11D3-BF4B-00C04F79EFBC}") = "Marathons", "Marathons\Marathons.csproj", "{0D5BA6DC-7CBD-4B58-9F99-78DB4E4D266B}"
EndProject
Project("{2150E333-8FDC-42A3-9474-1A3956D46DE8}") = "Services", "Services", "{4B3FE4AE-1C80-47D3-8183-45B77A1A52D5}"
EndProject
Project("{2150E333-8FDC-42A3-9474-1A3956D46DE8}") = "Client", "Client", "{DC882A7E-26FE-4515-9B6F-FF01693DD9DA}"
EndProject
Project("{2150E333-8FDC-42A3-9474-1A3956D46DE8}") = "Testing", "Testing", "{9F158FB3-EFB3-420B-81C2-4B9D39EC6919}"
EndProject
Project("{FAE04EC0-301F-11D3-BF4B-00C04F79EFBC}") = "UserService", "UserService\UserService.csproj", "{743A2205-9532-4FCF-BDEA-CA1571D8F8E0}"
EndProject
Project("{FAE04EC0-301F-11D3-BF4B-00C04F79EFBC}") = "TestingForm", "TestingForm\TestingForm.csproj", "{869C6BEC-F4FB-4754-B9D2-E27FD485BA40}"
	ProjectSection(ProjectDependencies) = postProject
		{743A2205-9532-4FCF-BDEA-CA1571D8F8E0} = {743A2205-9532-4FCF-BDEA-CA1571D8F8E0}
	EndProjectSection
EndProject
Project("{FAE04EC0-301F-11D3-BF4B-00C04F79EFBC}") = "Client", "Client\Client.csproj", "{E6EBE252-D008-43F6-8B7B-1E15BA6A894E}"
	ProjectSection(ProjectDependencies) = postProject
		{743A2205-9532-4FCF-BDEA-CA1571D8F8E0} = {743A2205-9532-4FCF-BDEA-CA1571D8F8E0}
	EndProjectSection
EndProject
Project("{FAE04EC0-301F-11D3-BF4B-00C04F79EFBC}") = "RunnerService", "RunnerService\RunnerService.csproj", "{E21D32DA-6A5E-4792-99CC-F60FCD99BE35}"
EndProject
Project("{FAE04EC0-301F-11D3-BF4B-00C04F79EFBC}") = "RunnerService", "RunnerService\RunnerService.csproj", "{E21D32DA-6A5E-4792-99CC-F60FCD99BE35}"
EndProject
Global
	GlobalSection(SolutionConfigurationPlatforms) = preSolution
		Debug|Any CPU = Debug|Any CPU
		Release|Any CPU = Release|Any CPU
	EndGlobalSection
	GlobalSection(ProjectConfigurationPlatforms) = postSolution
		{0D5BA6DC-7CBD-4B58-9F99-78DB4E4D266B}.Debug|Any CPU.ActiveCfg = Debug|Any CPU
		{0D5BA6DC-7CBD-4B58-9F99-78DB4E4D266B}.Debug|Any CPU.Build.0 = Debug|Any CPU
		{0D5BA6DC-7CBD-4B58-9F99-78DB4E4D266B}.Release|Any CPU.ActiveCfg = Release|Any CPU
		{0D5BA6DC-7CBD-4B58-9F99-78DB4E4D266B}.Release|Any CPU.Build.0 = Release|Any CPU
		{743A2205-9532-4FCF-BDEA-CA1571D8F8E0}.Debug|Any CPU.ActiveCfg = Debug|Any CPU
		{743A2205-9532-4FCF-BDEA-CA1571D8F8E0}.Debug|Any CPU.Build.0 = Debug|Any CPU
		{743A2205-9532-4FCF-BDEA-CA1571D8F8E0}.Release|Any CPU.ActiveCfg = Release|Any CPU
		{743A2205-9532-4FCF-BDEA-CA1571D8F8E0}.Release|Any CPU.Build.0 = Release|Any CPU
		{869C6BEC-F4FB-4754-B9D2-E27FD485BA40}.Debug|Any CPU.ActiveCfg = Debug|Any CPU
		{869C6BEC-F4FB-4754-B9D2-E27FD485BA40}.Debug|Any CPU.Build.0 = Debug|Any CPU
		{869C6BEC-F4FB-4754-B9D2-E27FD485BA40}.Release|Any CPU.ActiveCfg = Release|Any CPU
		{869C6BEC-F4FB-4754-B9D2-E27FD485BA40}.Release|Any CPU.Build.0 = Release|Any CPU
	EndGlobalSection
	GlobalSection(SolutionProperties) = preSolution
		HideSolutionNode = FALSE
	EndGlobalSection
	GlobalSection(NestedProjects) = preSolution
		{743A2205-9532-4FCF-BDEA-CA1571D8F8E0} = {4B3FE4AE-1C80-47D3-8183-45B77A1A52D5}
		{869C6BEC-F4FB-4754-B9D2-E27FD485BA40} = {9F158FB3-EFB3-420B-81C2-4B9D39EC6919}
	EndGlobalSection
	GlobalSection(ExtensibilityGlobals) = postSolution
		SolutionGuid = {51D9A677-FAFE-456E-9FCA-C123CE84B87E}
	EndGlobalSection
EndGlobal
